// !$*UTF8*$!
{
	archiveVersion = 1;
	classes = {
	};
	objectVersion = 48;
	objects = {

/* Begin PBXBuildFile section */
		A1F0DDAE1FCD1242009B388F /* AppDelegate.m in Sources */ = {isa = PBXBuildFile; fileRef = A1F0DDAD1FCD1242009B388F /* AppDelegate.m */; };
		A1F0DDB11FCD1242009B388F /* ViewController.m in Sources */ = {isa = PBXBuildFile; fileRef = A1F0DDB01FCD1242009B388F /* ViewController.m */; };
		A1F0DDB41FCD1242009B388F /* Main.storyboard in Resources */ = {isa = PBXBuildFile; fileRef = A1F0DDB21FCD1242009B388F /* Main.storyboard */; };
		A1F0DDB61FCD1242009B388F /* Assets.xcassets in Resources */ = {isa = PBXBuildFile; fileRef = A1F0DDB51FCD1242009B388F /* Assets.xcassets */; };
		A1F0DDB91FCD1242009B388F /* LaunchScreen.storyboard in Resources */ = {isa = PBXBuildFile; fileRef = A1F0DDB71FCD1242009B388F /* LaunchScreen.storyboard */; };
		A1F0DDBC1FCD1242009B388F /* main.m in Sources */ = {isa = PBXBuildFile; fileRef = A1F0DDBB1FCD1242009B388F /* main.m */; };
		A1F0DDC41FCD15FF009B388F /* SVProgressHUD+Extention.m in Sources */ = {isa = PBXBuildFile; fileRef = A1F0DDC31FCD15FF009B388F /* SVProgressHUD+Extention.m */; };
		AAC79ABF5EEF980B888C52C0 /* Pods_ProgressHudDemo.framework in Frameworks */ = {isa = PBXBuildFile; fileRef = F20493689308394955A0730D /* Pods_ProgressHudDemo.framework */; };
/* End PBXBuildFile section */

/* Begin PBXFileReference section */
		438DD7D78004B297494A4F5D /* Pods-ProgressHudDemo.release.xcconfig */ = {isa = PBXFileReference; includeInIndex = 1; lastKnownFileType = text.xcconfig; name = "Pods-ProgressHudDemo.release.xcconfig"; path = "Pods/Target Support Files/Pods-ProgressHudDemo/Pods-ProgressHudDemo.release.xcconfig"; sourceTree = "<group>"; };
		A1F0DDA91FCD1242009B388F /* ProgressHudDemo.app */ = {isa = PBXFileReference; explicitFileType = wrapper.application; includeInIndex = 0; path = ProgressHudDemo.app; sourceTree = BUILT_PRODUCTS_DIR; };
		A1F0DDAC1FCD1242009B388F /* AppDelegate.h */ = {isa = PBXFileReference; lastKnownFileType = sourcecode.c.h; path = AppDelegate.h; sourceTree = "<group>"; };
		A1F0DDAD1FCD1242009B388F /* AppDelegate.m */ = {isa = PBXFileReference; lastKnownFileType = sourcecode.c.objc; path = AppDelegate.m; sourceTree = "<group>"; };
		A1F0DDAF1FCD1242009B388F /* ViewController.h */ = {isa = PBXFileReference; lastKnownFileType = sourcecode.c.h; path = ViewController.h; sourceTree = "<group>"; };
		A1F0DDB01FCD1242009B388F /* ViewController.m */ = {isa = PBXFileReference; lastKnownFileType = sourcecode.c.objc; path = ViewController.m; sourceTree = "<group>"; };
		A1F0DDB31FCD1242009B388F /* Base */ = {isa = PBXFileReference; lastKnownFileType = file.storyboard; name = Base; path = Base.lproj/Main.storyboard; sourceTree = "<group>"; };
		A1F0DDB51FCD1242009B388F /* Assets.xcassets */ = {isa = PBXFileReference; lastKnownFileType = folder.assetcatalog; path = Assets.xcassets; sourceTree = "<group>"; };
		A1F0DDB81FCD1242009B388F /* Base */ = {isa = PBXFileReference; lastKnownFileType = file.storyboard; name = Base; path = Base.lproj/LaunchScreen.storyboard; sourceTree = "<group>"; };
		A1F0DDBA1FCD1242009B388F /* Info.plist */ = {isa = PBXFileReference; lastKnownFileType = text.plist.xml; path = Info.plist; sourceTree = "<group>"; };
		A1F0DDBB1FCD1242009B388F /* main.m */ = {isa = PBXFileReference; lastKnownFileType = sourcecode.c.objc; path = main.m; sourceTree = "<group>"; };
		A1F0DDC21FCD15FF009B388F /* SVProgressHUD+Extention.h */ = {isa = PBXFileReference; lastKnownFileType = sourcecode.c.h; path = "SVProgressHUD+Extention.h"; sourceTree = "<group>"; };
		A1F0DDC31FCD15FF009B388F /* SVProgressHUD+Extention.m */ = {isa = PBXFileReference; lastKnownFileType = sourcecode.c.objc; path = "SVProgressHUD+Extention.m"; sourceTree = "<group>"; };
		CF97DFC24121140892FB3FC6 /* Pods-ProgressHudDemo.debug.xcconfig */ = {isa = PBXFileReference; includeInIndex = 1; lastKnownFileType = text.xcconfig; name = "Pods-ProgressHudDemo.debug.xcconfig"; path = "Pods/Target Support Files/Pods-ProgressHudDemo/Pods-ProgressHudDemo.debug.xcconfig"; sourceTree = "<group>"; };
		F20493689308394955A0730D /* Pods_ProgressHudDemo.framework */ = {isa = PBXFileReference; explicitFileType = wrapper.framework; includeInIndex = 0; path = Pods_ProgressHudDemo.framework; sourceTree = BUILT_PRODUCTS_DIR; };
/* End PBXFileReference section */

/* Begin PBXFrameworksBuildPhase section */
		A1F0DDA61FCD1242009B388F /* Frameworks */ = {
			isa = PBXFrameworksBuildPhase;
			buildActionMask = 2147483647;
			files = (
				AAC79ABF5EEF980B888C52C0 /* Pods_ProgressHudDemo.framework in Frameworks */,
			);
			runOnlyForDeploymentPostprocessing = 0;
		};
/* End PBXFrameworksBuildPhase section */

/* Begin PBXGroup section */
		472B2858B53623FC49C28B2E /* Pods */ = {
			isa = PBXGroup;
			children = (
				CF97DFC24121140892FB3FC6 /* Pods-ProgressHudDemo.debug.xcconfig */,
				438DD7D78004B297494A4F5D /* Pods-ProgressHudDemo.release.xcconfig */,
			);
			name = Pods;
			sourceTree = "<group>";
		};
		A1F0DDA01FCD1242009B388F = {
			isa = PBXGroup;
			children = (
				A1F0DDAB1FCD1242009B388F /* ProgressHudDemo */,
				A1F0DDAA1FCD1242009B388F /* Products */,
				472B2858B53623FC49C28B2E /* Pods */,
				B89DC561DE8CA44902FA31AB /* Frameworks */,
			);
			sourceTree = "<group>";
		};
		A1F0DDAA1FCD1242009B388F /* Products */ = {
			isa = PBXGroup;
			children = (
				A1F0DDA91FCD1242009B388F /* ProgressHudDemo.app */,
			);
			name = Products;
			sourceTree = "<group>";
		};
		A1F0DDAB1FCD1242009B388F /* ProgressHudDemo */ = {
			isa = PBXGroup;
			children = (
				A1F0DDAC1FCD1242009B388F /* AppDelegate.h */,
				A1F0DDAD1FCD1242009B388F /* AppDelegate.m */,
				A1F0DDAF1FCD1242009B388F /* ViewController.h */,
				A1F0DDB01FCD1242009B388F /* ViewController.m */,
				A1F0DDC21FCD15FF009B388F /* SVProgressHUD+Extention.h */,
				A1F0DDC31FCD15FF009B388F /* SVProgressHUD+Extention.m */,
				A1F0DDB21FCD1242009B388F /* Main.storyboard */,
				A1F0DDB51FCD1242009B388F /* Assets.xcassets */,
				A1F0DDB71FCD1242009B388F /* LaunchScreen.storyboard */,
				A1F0DDBA1FCD1242009B388F /* Info.plist */,
				A1F0DDBB1FCD1242009B388F /* main.m */,
			);
			path = ProgressHudDemo;
			sourceTree = "<group>";
		};
		B89DC561DE8CA44902FA31AB /* Frameworks */ = {
			isa = PBXGroup;
			children = (
				F20493689308394955A0730D /* Pods_ProgressHudDemo.framework */,
			);
			name = Frameworks;
			sourceTree = "<group>";
		};
/* End PBXGroup section */

/* Begin PBXNativeTarget section */
		A1F0DDA81FCD1242009B388F /* ProgressHudDemo */ = {
			isa = PBXNativeTarget;
			buildConfigurationList = A1F0DDBF1FCD1242009B388F /* Build configuration list for PBXNativeTarget "ProgressHudDemo" */;
			buildPhases = (
				D6DDD4A37EAB61A150E31DB6 /* [CP] Check Pods Manifest.lock */,
				A1F0DDA51FCD1242009B388F /* Sources */,
				A1F0DDA61FCD1242009B388F /* Frameworks */,
				A1F0DDA71FCD1242009B388F /* Resources */,
				D3B4D09706813C557CA5D256 /* [CP] Embed Pods Frameworks */,
				8B1CE0758BBE7BE40B5328A6 /* [CP] Copy Pods Resources */,
			);
			buildRules = (
			);
			dependencies = (
			);
			name = ProgressHudDemo;
			productName = ProgressHudDemo;
			productReference = A1F0DDA91FCD1242009B388F /* ProgressHudDemo.app */;
			productType = "com.apple.product-type.application";
		};
/* End PBXNativeTarget section */

/* Begin PBXProject section */
		A1F0DDA11FCD1242009B388F /* Project object */ = {
			isa = PBXProject;
			attributes = {
				LastUpgradeCheck = 0910;
				ORGANIZATIONNAME = LianLuo;
				TargetAttributes = {
					A1F0DDA81FCD1242009B388F = {
						CreatedOnToolsVersion = 9.1;
						ProvisioningStyle = Automatic;
					};
				};
			};
			buildConfigurationList = A1F0DDA41FCD1242009B388F /* Build configuration list for PBXProject "ProgressHudDemo" */;
			compatibilityVersion = "Xcode 8.0";
			developmentRegion = en;
			hasScannedForEncodings = 0;
			knownRegions = (
				en,
				Base,
			);
			mainGroup = A1F0DDA01FCD1242009B388F;
			productRefGroup = A1F0DDAA1FCD1242009B388F /* Products */;
			projectDirPath = "";
			projectRoot = "";
			targets = (
				A1F0DDA81FCD1242009B388F /* ProgressHudDemo */,
			);
		};
/* End PBXProject section */

/* Begin PBXResourcesBuildPhase section */
		A1F0DDA71FCD1242009B388F /* Resources */ = {
			isa = PBXResourcesBuildPhase;
			buildActionMask = 2147483647;
			files = (
				A1F0DDB91FCD1242009B388F /* LaunchScreen.storyboard in Resources */,
				A1F0DDB61FCD1242009B388F /* Assets.xcassets in Resources */,
				A1F0DDB41FCD1242009B388F /* Main.storyboard in Resources */,
			);
			runOnlyForDeploymentPostprocessing = 0;
		};
/* End PBXResourcesBuildPhase section */

/* Begin PBXShellScriptBuildPhase section */
		8B1CE0758BBE7BE40B5328A6 /* [CP] Copy Pods Resources */ = {
			isa = PBXShellScriptBuildPhase;
			buildActionMask = 2147483647;
			files = (
			);
			inputPaths = (
			);
			name = "[CP] Copy Pods Resources";
			outputPaths = (
			);
			runOnlyForDeploymentPostprocessing = 0;
			shellPath = /bin/sh;
			shellScript = "\"${SRCROOT}/Pods/Target Support Files/Pods-ProgressHudDemo/Pods-ProgressHudDemo-resources.sh\"\n";
			showEnvVarsInLog = 0;
		};
		D3B4D09706813C557CA5D256 /* [CP] Embed Pods Frameworks */ = {
			isa = PBXShellScriptBuildPhase;
			buildActionMask = 2147483647;
			files = (
			);
			inputPaths = (
				"${SRCROOT}/Pods/Target Support Files/Pods-ProgressHudDemo/Pods-ProgressHudDemo-frameworks.sh",
				"${BUILT_PRODUCTS_DIR}/SVProgressHUD/SVProgressHUD.framework",
			);
			name = "[CP] Embed Pods Frameworks";
			outputPaths = (
				"${TARGET_BUILD_DIR}/${FRAMEWORKS_FOLDER_PATH}/SVProgressHUD.framework",
			);
			runOnlyForDeploymentPostprocessing = 0;
			shellPath = /bin/sh;
			shellScript = "\"${SRCROOT}/Pods/Target Support Files/Pods-ProgressHudDemo/Pods-ProgressHudDemo-frameworks.sh\"\n";
			showEnvVarsInLog = 0;
		};
		D6DDD4A37EAB61A150E31DB6 /* [CP] Check Pods Manifest.lock */ = {
			isa = PBXShellScriptBuildPhase;
			buildActionMask = 2147483647;
			files = (
			);
			inputPaths = (
				"${PODS_PODFILE_DIR_PATH}/Podfile.lock",
				"${PODS_ROOT}/Manifest.lock",
			);
			name = "[CP] Check Pods Manifest.lock";
			outputPaths = (
				"$(DERIVED_FILE_DIR)/Pods-ProgressHudDemo-checkManifestLockResult.txt",
			);
			runOnlyForDeploymentPostprocessing = 0;
			shellPath = /bin/sh;
			shellScript = "diff \"${PODS_PODFILE_DIR_PATH}/Podfile.lock\" \"${PODS_ROOT}/Manifest.lock\" > /dev/null\nif [ $? != 0 ] ; then\n    # print error to STDERR\n    echo \"error: The sandbox is not in sync with the Podfile.lock. Run 'pod install' or update your CocoaPods installation.\" >&2\n    exit 1\nfi\n# This output is used by Xcode 'outputs' to avoid re-running this script phase.\necho \"SUCCESS\" > \"${SCRIPT_OUTPUT_FILE_0}\"\n";
			showEnvVarsInLog = 0;
		};
/* End PBXShellScriptBuildPhase section */

/* Begin PBXSourcesBuildPhase section */
		A1F0DDA51FCD1242009B388F /* Sources */ = {
			isa = PBXSourcesBuildPhase;
			buildActionMask = 2147483647;
			files = (
				A1F0DDC41FCD15FF009B388F /* SVProgressHUD+Extention.m in Sources */,
				A1F0DDB11FCD1242009B388F /* ViewController.m in Sources */,
				A1F0DDBC1FCD1242009B388F /* main.m in Sources */,
				A1F0DDAE1FCD1242009B388F /* AppDelegate.m in Sources */,
			);
			runOnlyForDeploymentPostprocessing = 0;
		};
/* End PBXSourcesBuildPhase section */

/* Begin PBXVariantGroup section */
		A1F0DDB21FCD1242009B388F /* Main.storyboard */ = {
			isa = PBXVariantGroup;
			children = (
				A1F0DDB31FCD1242009B388F /* Base */,
			);
			name = Main.storyboard;
			sourceTree = "<group>";
		};
		A1F0DDB71FCD1242009B388F /* LaunchScreen.storyboard */ = {
			isa = PBXVariantGroup;
			children = (
				A1F0DDB81FCD1242009B388F /* Base */,
			);
			name = LaunchScreen.storyboard;
			sourceTree = "<group>";
		};
/* End PBXVariantGroup section */

/* Begin XCBuildConfiguration section */
		A1F0DDBD1FCD1242009B388F /* Debug */ = {
			isa = XCBuildConfiguration;
			buildSettings = {
				ALWAYS_SEARCH_USER_PATHS = NO;
				CLANG_ANALYZER_NONNULL = YES;
				CLANG_ANALYZER_NUMBER_OBJECT_CONVERSION = YES_AGGRESSIVE;
				CLANG_CXX_LANGUAGE_STANDARD = "gnu++14";
				CLANG_CXX_LIBRARY = "libc++";
				CLANG_ENABLE_MODULES = YES;
				CLANG_ENABLE_OBJC_ARC = YES;
				CLANG_WARN_BLOCK_CAPTURE_AUTORELEASING = YES;
				CLANG_WARN_BOOL_CONVERSION = YES;
				CLANG_WARN_COMMA = YES;
				CLANG_WARN_CONSTANT_CONVERSION = YES;
				CLANG_WARN_DIRECT_OBJC_ISA_USAGE = YES_ERROR;
				CLANG_WARN_DOCUMENTATION_COMMENTS = YES;
				CLANG_WARN_EMPTY_BODY = YES;
				CLANG_WARN_ENUM_CONVERSION = YES;
				CLANG_WARN_INFINITE_RECURSION = YES;
				CLANG_WARN_INT_CONVERSION = YES;
				CLANG_WARN_NON_LITERAL_NULL_CONVERSION = YES;
				CLANG_WARN_OBJC_LITERAL_CONVERSION = YES;
				CLANG_WARN_OBJC_ROOT_CLASS = YES_ERROR;
				CLANG_WARN_RANGE_LOOP_ANALYSIS = YES;
				CLANG_WARN_STRICT_PROTOTYPES = YES;
				CLANG_WARN_SUSPICIOUS_MOVE = YES;
				CLANG_WARN_UNGUARDED_AVAILABILITY = YES_AGGRESSIVE;
				CLANG_WARN_UNREACHABLE_CODE = YES;
				CLANG_WARN__DUPLICATE_METHOD_MATCH = YES;
				CODE_SIGN_IDENTITY = "iPhone Developer";
				COPY_PHASE_STRIP = NO;
				DEBUG_INFORMATION_FORMAT = dwarf;
				ENABLE_STRICT_OBJC_MSGSEND = YES;
				ENABLE_TESTABILITY = YES;
				GCC_C_LANGUAGE_STANDARD = gnu11;
				GCC_DYNAMIC_NO_PIC = NO;
				GCC_NO_COMMON_BLOCKS = YES;
				GCC_OPTIMIZATION_LEVEL = 0;
				GCC_PREPROCESSOR_DEFINITIONS = (
					"DEBUG=1",
					"$(inherited)",
				);
				GCC_WARN_64_TO_32_BIT_CONVERSION = YES;
				GCC_WARN_ABOUT_RETURN_TYPE = YES_ERROR;
				GCC_WARN_UNDECLARED_SELECTOR = YES;
				GCC_WARN_UNINITIALIZED_AUTOS = YES_AGGRESSIVE;
				GCC_WARN_UNUSED_FUNCTION = YES;
				GCC_WARN_UNUSED_VARIABLE = YES;
				IPHONEOS_DEPLOYMENT_TARGET = 11.1;
				MTL_ENABLE_DEBUG_INFO = YES;
				ONLY_ACTIVE_ARCH = YES;
				SDKROOT = iphoneos;
			};
			name = Debug;
		};
		A1F0DDBE1FCD1242009B388F /* Release */ = {
			isa = XCBuildConfiguration;
			buildSettings = {
				ALWAYS_SEARCH_USER_PATHS = NO;
				CLANG_ANALYZER_NONNULL = YES;
				CLANG_ANALYZER_NUMBER_OBJECT_CONVERSION = YES_AGGRESSIVE;
				CLANG_CXX_LANGUAGE_STANDARD = "gnu++14";
				CLANG_CXX_LIBRARY = "libc++";
				CLANG_ENABLE_MODULES = YES;
				CLANG_ENABLE_OBJC_ARC = YES;
				CLANG_WARN_BLOCK_CAPTURE_AUTORELEASING = YES;
				CLANG_WARN_BOOL_CONVERSION = YES;
				CLANG_WARN_COMMA = YES;
				CLANG_WARN_CONSTANT_CONVERSION = YES;
				CLANG_WARN_DIRECT_OBJC_ISA_USAGE = YES_ERROR;
				CLANG_WARN_DOCUMENTATION_COMMENTS = YES;
				CLANG_WARN_EMPTY_BODY = YES;
				CLANG_WARN_ENUM_CONVERSION = YES;
				CLANG_WARN_INFINITE_RECURSION = YES;
				CLANG_WARN_INT_CONVERSION = YES;
				CLANG_WARN_NON_LITERAL_NULL_CONVERSION = YES;
				CLANG_WARN_OBJC_LITERAL_CONVERSION = YES;
				CLANG_WARN_OBJC_ROOT_CLASS = YES_ERROR;
				CLANG_WARN_RANGE_LOOP_ANALYSIS = YES;
				CLANG_WARN_STRICT_PROTOTYPES = YES;
				CLANG_WARN_SUSPICIOUS_MOVE = YES;
				CLANG_WARN_UNGUARDED_AVAILABILITY = YES_AGGRESSIVE;
				CLANG_WARN_UNREACHABLE_CODE = YES;
				CLANG_WARN__DUPLICATE_METHOD_MATCH = YES;
				CODE_SIGN_IDENTITY = "iPhone Developer";
				COPY_PHASE_STRIP = NO;
				DEBUG_INFORMATION_FORMAT = "dwarf-with-dsym";
				ENABLE_NS_ASSERTIONS = NO;
				ENABLE_STRICT_OBJC_MSGSEND = YES;
				GCC_C_LANGUAGE_STANDARD = gnu11;
				GCC_NO_COMMON_BLOCKS = YES;
				GCC_WARN_64_TO_32_BIT_CONVERSION = YES;
				GCC_WARN_ABOUT_RETURN_TYPE = YES_ERROR;
				GCC_WARN_UNDECLARED_SELECTOR = YES;
				GCC_WARN_UNINITIALIZED_AUTOS = YES_AGGRESSIVE;
				GCC_WARN_UNUSED_FUNCTION = YES;
				GCC_WARN_UNUSED_VARIABLE = YES;
				IPHONEOS_DEPLOYMENT_TARGET = 11.1;
				MTL_ENABLE_DEBUG_INFO = NO;
				SDKROOT = iphoneos;
				VALIDATE_PRODUCT = YES;
			};
			name = Release;
		};
		A1F0DDC01FCD1242009B388F /* Debug */ = {
			isa = XCBuildConfiguration;
			baseConfigurationReference = CF97DFC24121140892FB3FC6 /* Pods-ProgressHudDemo.debug.xcconfig */;
			buildSettings = {
				ASSETCATALOG_COMPILER_APPICON_NAME = AppIcon;
				CODE_SIGN_STYLE = Automatic;
				DEVELOPMENT_TEAM = 7NCTJ8Q48H;
				INFOPLIST_FILE = ProgressHudDemo/Info.plist;
				LD_RUNPATH_SEARCH_PATHS = "$(inherited) @executable_path/Frameworks";
				PRODUCT_BUNDLE_IDENTIFIER = com.lianluo.ProgressHudDemo;
				PRODUCT_NAME = "$(TARGET_NAME)";
				TARGETED_DEVICE_FAMILY = "1,2";
			};
			name = Debug;
		};
		A1F0DDC11FCD1242009B388F /* Release */ = {
			isa = XCBuildConfiguration;
			baseConfigurationReference = 438DD7D78004B297494A4F5D /* Pods-ProgressHudDemo.release.xcconfig */;
			buildSettings = {
				ASSETCATALOG_COMPILER_APPICON_NAME = AppIcon;
				CODE_SIGN_STYLE = Automatic;
				DEVELOPMENT_TEAM = 7NCTJ8Q48H;
				INFOPLIST_FILE = ProgressHudDemo/Info.plist;
				LD_RUNPATH_SEARCH_PATHS = "$(inherited) @executable_path/Frameworks";
				PRODUCT_BUNDLE_IDENTIFIER = com.lianluo.ProgressHudDemo;
				PRODUCT_NAME = "$(TARGET_NAME)";
				TARGETED_DEVICE_FAMILY = "1,2";
			};
			name = Release;
		};
/* End XCBuildConfiguration section */

/* Begin XCConfigurationList section */
		A1F0DDA41FCD1242009B388F /* Build configuration list for PBXProject "ProgressHudDemo" */ = {
			isa = XCConfigurationList;
			buildConfigurations = (
				A1F0DDBD1FCD1242009B388F /* Debug */,
				A1F0DDBE1FCD1242009B388F /* Release */,
			);
			defaultConfigurationIsVisible = 0;
			defaultConfigurationName = Release;
		};
		A1F0DDBF1FCD1242009B388F /* Build configuration list for PBXNativeTarget "ProgressHudDemo" */ = {
			isa = XCConfigurationList;
			buildConfigurations = (
				A1F0DDC01FCD1242009B388F /* Debug */,
				A1F0DDC11FCD1242009B388F /* Release */,
			);
			defaultConfigurationIsVisible = 0;
			defaultConfigurationName = Release;
		};
/* End XCConfigurationList section */
	};
	rootObject = A1F0DDA11FCD1242009B388F /* Project object */;
}
